
Microsoft Visual Studio Solution File, Format Version 12.00
# Visual Studio Version 17
VisualStudioVersion = 17.9.34728.123
MinimumVisualStudioVersion = 10.0.40219.1
Project("{9A19103F-16F7-4668-BE54-9A1E7A4F7556}") = "Web", "Web\Web.csproj", "{414CDA2E-856D-4B16-9CE1-842D55E327D3}"
EndProject
Project("{9A19103F-16F7-4668-BE54-9A1E7A4F7556}") = "Domain", "Domain\Domain.csproj", "{8B016814-6A1A-4E53-BE2E-39AA9BF2ACA2}"
EndProject
Project("{9A19103F-16F7-4668-BE54-9A1E7A4F7556}") = "Application", "Application\Application.csproj", "{82F5F7F8-833D-46B9-ACFE-96DAE88F7804}"
EndProject
Project("{FAE04EC0-301F-11D3-BF4B-00C04F79EFBC}") = "Infrastructure", "Infrastructure\Infrastructure.csproj", "{C655DF43-C123-4DB5-9D90-9A6A4B176592}"
EndProject
Global
	GlobalSection(SolutionConfigurationPlatforms) = preSolution
		Debug|Any CPU = Debug|Any CPU
		Release|Any CPU = Release|Any CPU
	EndGlobalSection
	GlobalSection(ProjectConfigurationPlatforms) = postSolution
		{414CDA2E-856D-4B16-9CE1-842D55E327D3}.Debug|Any CPU.ActiveCfg = Debug|Any CPU
		{414CDA2E-856D-4B16-9CE1-842D55E327D3}.Debug|Any CPU.Build.0 = Debug|Any CPU
		{414CDA2E-856D-4B16-9CE1-842D55E327D3}.Release|Any CPU.ActiveCfg = Release|Any CPU
		{414CDA2E-856D-4B16-9CE1-842D55E327D3}.Release|Any CPU.Build.0 = Release|Any CPU
		{8B016814-6A1A-4E53-BE2E-39AA9BF2ACA2}.Debug|Any CPU.ActiveCfg = Debug|Any CPU
		{8B016814-6A1A-4E53-BE2E-39AA9BF2ACA2}.Debug|Any CPU.Build.0 = Debug|Any CPU
		{8B016814-6A1A-4E53-BE2E-39AA9BF2ACA2}.Release|Any CPU.ActiveCfg = Release|Any CPU
		{8B016814-6A1A-4E53-BE2E-39AA9BF2ACA2}.Release|Any CPU.Build.0 = Release|Any CPU
		{82F5F7F8-833D-46B9-ACFE-96DAE88F7804}.Debug|Any CPU.ActiveCfg = Debug|Any CPU
		{82F5F7F8-833D-46B9-ACFE-96DAE88F7804}.Debug|Any CPU.Build.0 = Debug|Any CPU
		{82F5F7F8-833D-46B9-ACFE-96DAE88F7804}.Release|Any CPU.ActiveCfg = Release|Any CPU
		{82F5F7F8-833D-46B9-ACFE-96DAE88F7804}.Release|Any CPU.Build.0 = Release|Any CPU
		{C655DF43-C123-4DB5-9D90-9A6A4B176592}.Debug|Any CPU.ActiveCfg = Debug|Any CPU
		{C655DF43-C123-4DB5-9D90-9A6A4B176592}.Debug|Any CPU.Build.0 = Debug|Any CPU
		{C655DF43-C123-4DB5-9D90-9A6A4B176592}.Release|Any CPU.ActiveCfg = Release|Any CPU
		{C655DF43-C123-4DB5-9D90-9A6A4B176592}.Release|Any CPU.Build.0 = Release|Any CPU
	EndGlobalSection
	GlobalSection(SolutionProperties) = preSolution
		HideSolutionNode = FALSE
	EndGlobalSection
	GlobalSection(ExtensibilityGlobals) = postSolution
		SolutionGuid = {C8FDE3FD-1167-4E08-8C8B-D1FB88AAB863}
	EndGlobalSection
EndGlobal
